// !$*UTF8*$!
{
	archiveVersion = 1;
	classes = {
	};
	objectVersion = 50;
	objects = {

/* Begin PBXBuildFile section */
		9B25AC07244361B600E6A174 /* WelcomeViewController.swift in Sources */ = {isa = PBXBuildFile; fileRef = 9B25AC06244361B600E6A174 /* WelcomeViewController.swift */; };
		9B69C1E8243B21420082F48E /* AppDelegate.swift in Sources */ = {isa = PBXBuildFile; fileRef = 9B69C1E7243B21420082F48E /* AppDelegate.swift */; };
		9B69C1EA243B21420082F48E /* SceneDelegate.swift in Sources */ = {isa = PBXBuildFile; fileRef = 9B69C1E9243B21420082F48E /* SceneDelegate.swift */; };
		9B69C1EC243B21420082F48E /* MainViewController.swift in Sources */ = {isa = PBXBuildFile; fileRef = 9B69C1EB243B21420082F48E /* MainViewController.swift */; };
		9B69C1EF243B21420082F48E /* Main.storyboard in Resources */ = {isa = PBXBuildFile; fileRef = 9B69C1ED243B21420082F48E /* Main.storyboard */; };
		9B69C1F1243B21480082F48E /* Assets.xcassets in Resources */ = {isa = PBXBuildFile; fileRef = 9B69C1F0243B21480082F48E /* Assets.xcassets */; };
		9B69C1F4243B21480082F48E /* LaunchScreen.storyboard in Resources */ = {isa = PBXBuildFile; fileRef = 9B69C1F2243B21480082F48E /* LaunchScreen.storyboard */; };
		9B69C1FD243B322A0082F48E /* TwoSelectionView.xib in Resources */ = {isa = PBXBuildFile; fileRef = 9B69C1FC243B322A0082F48E /* TwoSelectionView.xib */; };
		9B69C200243B36290082F48E /* XibView.swift in Sources */ = {isa = PBXBuildFile; fileRef = 9B69C1FF243B36290082F48E /* XibView.swift */; };
		9B69C202243B36B00082F48E /* TwoSelectionView.swift in Sources */ = {isa = PBXBuildFile; fileRef = 9B69C201243B36B00082F48E /* TwoSelectionView.swift */; };
		9B69C209243B43DE0082F48E /* QuestionTableViewCell.swift in Sources */ = {isa = PBXBuildFile; fileRef = 9B69C207243B43DE0082F48E /* QuestionTableViewCell.swift */; };
		9B69C20A243B43DE0082F48E /* QuestionTableViewCell.xib in Resources */ = {isa = PBXBuildFile; fileRef = 9B69C208243B43DE0082F48E /* QuestionTableViewCell.xib */; };
		9B69C20D243B468A0082F48E /* AnswerTableViewCell.swift in Sources */ = {isa = PBXBuildFile; fileRef = 9B69C20B243B468A0082F48E /* AnswerTableViewCell.swift */; };
		9B69C20E243B468A0082F48E /* AnswerTableViewCell.xib in Resources */ = {isa = PBXBuildFile; fileRef = 9B69C20C243B468A0082F48E /* AnswerTableViewCell.xib */; };
		9B69C210243C64150082F48E /* MainPresenter.swift in Sources */ = {isa = PBXBuildFile; fileRef = 9B69C20F243C64150082F48E /* MainPresenter.swift */; };
		9B69C212243DBA8B0082F48E /* postalCode.xib in Resources */ = {isa = PBXBuildFile; fileRef = 9B69C211243DBA8A0082F48E /* postalCode.xib */; };
		9B69C214243DBD560082F48E /* postalCode.swift in Sources */ = {isa = PBXBuildFile; fileRef = 9B69C213243DBD560082F48E /* postalCode.swift */; };
		9B69C216243DC6C30082F48E /* SelectAddress.xib in Resources */ = {isa = PBXBuildFile; fileRef = 9B69C215243DC6C30082F48E /* SelectAddress.xib */; };
		9B69C218243DC74F0082F48E /* SelectAddress.swift in Sources */ = {isa = PBXBuildFile; fileRef = 9B69C217243DC74F0082F48E /* SelectAddress.swift */; };
/* End PBXBuildFile section */

/* Begin PBXFileReference section */
		9B25AC06244361B600E6A174 /* WelcomeViewController.swift */ = {isa = PBXFileReference; lastKnownFileType = sourcecode.swift; path = WelcomeViewController.swift; sourceTree = "<group>"; };
		9B69C1E4243B21420082F48E /* BootsPharmacy.app */ = {isa = PBXFileReference; explicitFileType = wrapper.application; includeInIndex = 0; path = BootsPharmacy.app; sourceTree = BUILT_PRODUCTS_DIR; };
		9B69C1E7243B21420082F48E /* AppDelegate.swift */ = {isa = PBXFileReference; lastKnownFileType = sourcecode.swift; path = AppDelegate.swift; sourceTree = "<group>"; };
		9B69C1E9243B21420082F48E /* SceneDelegate.swift */ = {isa = PBXFileReference; lastKnownFileType = sourcecode.swift; path = SceneDelegate.swift; sourceTree = "<group>"; };
		9B69C1EB243B21420082F48E /* MainViewController.swift */ = {isa = PBXFileReference; lastKnownFileType = sourcecode.swift; path = MainViewController.swift; sourceTree = "<group>"; };
		9B69C1EE243B21420082F48E /* Base */ = {isa = PBXFileReference; lastKnownFileType = file.storyboard; name = Base; path = Base.lproj/Main.storyboard; sourceTree = "<group>"; };
		9B69C1F0243B21480082F48E /* Assets.xcassets */ = {isa = PBXFileReference; lastKnownFileType = folder.assetcatalog; path = Assets.xcassets; sourceTree = "<group>"; };
		9B69C1F3243B21480082F48E /* Base */ = {isa = PBXFileReference; lastKnownFileType = file.storyboard; name = Base; path = Base.lproj/LaunchScreen.storyboard; sourceTree = "<group>"; };
		9B69C1F5243B21480082F48E /* Info.plist */ = {isa = PBXFileReference; lastKnownFileType = text.plist.xml; path = Info.plist; sourceTree = "<group>"; };
		9B69C1FC243B322A0082F48E /* TwoSelectionView.xib */ = {isa = PBXFileReference; lastKnownFileType = file.xib; path = TwoSelectionView.xib; sourceTree = "<group>"; };
		9B69C1FF243B36290082F48E /* XibView.swift */ = {isa = PBXFileReference; lastKnownFileType = sourcecode.swift; path = XibView.swift; sourceTree = "<group>"; };
		9B69C201243B36B00082F48E /* TwoSelectionView.swift */ = {isa = PBXFileReference; lastKnownFileType = sourcecode.swift; path = TwoSelectionView.swift; sourceTree = "<group>"; };
		9B69C207243B43DE0082F48E /* QuestionTableViewCell.swift */ = {isa = PBXFileReference; lastKnownFileType = sourcecode.swift; path = QuestionTableViewCell.swift; sourceTree = "<group>"; };
		9B69C208243B43DE0082F48E /* QuestionTableViewCell.xib */ = {isa = PBXFileReference; lastKnownFileType = file.xib; path = QuestionTableViewCell.xib; sourceTree = "<group>"; };
		9B69C20B243B468A0082F48E /* AnswerTableViewCell.swift */ = {isa = PBXFileReference; lastKnownFileType = sourcecode.swift; path = AnswerTableViewCell.swift; sourceTree = "<group>"; };
		9B69C20C243B468A0082F48E /* AnswerTableViewCell.xib */ = {isa = PBXFileReference; lastKnownFileType = file.xib; path = AnswerTableViewCell.xib; sourceTree = "<group>"; };
		9B69C20F243C64150082F48E /* MainPresenter.swift */ = {isa = PBXFileReference; lastKnownFileType = sourcecode.swift; path = MainPresenter.swift; sourceTree = "<group>"; };
		9B69C211243DBA8A0082F48E /* postalCode.xib */ = {isa = PBXFileReference; lastKnownFileType = file.xib; path = postalCode.xib; sourceTree = "<group>"; };
		9B69C213243DBD560082F48E /* postalCode.swift */ = {isa = PBXFileReference; lastKnownFileType = sourcecode.swift; path = postalCode.swift; sourceTree = "<group>"; };
		9B69C215243DC6C30082F48E /* SelectAddress.xib */ = {isa = PBXFileReference; lastKnownFileType = file.xib; path = SelectAddress.xib; sourceTree = "<group>"; };
		9B69C217243DC74F0082F48E /* SelectAddress.swift */ = {isa = PBXFileReference; lastKnownFileType = sourcecode.swift; path = SelectAddress.swift; sourceTree = "<group>"; };
/* End PBXFileReference section */

/* Begin PBXFrameworksBuildPhase section */
		9B69C1E1243B21420082F48E /* Frameworks */ = {
			isa = PBXFrameworksBuildPhase;
			buildActionMask = 2147483647;
			files = (
			);
			runOnlyForDeploymentPostprocessing = 0;
		};
/* End PBXFrameworksBuildPhase section */

/* Begin PBXGroup section */
		9B69C1DB243B21420082F48E = {
			isa = PBXGroup;
			children = (
				9B69C1E6243B21420082F48E /* BootsPharmacy */,
				9B69C1E5243B21420082F48E /* Products */,
			);
			sourceTree = "<group>";
		};
		9B69C1E5243B21420082F48E /* Products */ = {
			isa = PBXGroup;
			children = (
				9B69C1E4243B21420082F48E /* BootsPharmacy.app */,
			);
			name = Products;
			sourceTree = "<group>";
		};
		9B69C1E6243B21420082F48E /* BootsPharmacy */ = {
			isa = PBXGroup;
			children = (
				9B69C1FB243B31F80082F48E /* QuestionViews */,
				9B69C1FE243B35F30082F48E /* UtilityFiles */,
				9B69C1E7243B21420082F48E /* AppDelegate.swift */,
				9B25AC06244361B600E6A174 /* WelcomeViewController.swift */,
				9B69C1E9243B21420082F48E /* SceneDelegate.swift */,
				9B69C1EB243B21420082F48E /* MainViewController.swift */,
				9B69C20F243C64150082F48E /* MainPresenter.swift */,
				9B69C1ED243B21420082F48E /* Main.storyboard */,
				9B69C1F0243B21480082F48E /* Assets.xcassets */,
				9B69C1F2243B21480082F48E /* LaunchScreen.storyboard */,
				9B69C1F5243B21480082F48E /* Info.plist */,
			);
			path = BootsPharmacy;
			sourceTree = "<group>";
		};
		9B69C1FB243B31F80082F48E /* QuestionViews */ = {
			isa = PBXGroup;
			children = (
				9B69C201243B36B00082F48E /* TwoSelectionView.swift */,
				9B69C1FC243B322A0082F48E /* TwoSelectionView.xib */,
				9B69C207243B43DE0082F48E /* QuestionTableViewCell.swift */,
				9B69C208243B43DE0082F48E /* QuestionTableViewCell.xib */,
				9B69C20B243B468A0082F48E /* AnswerTableViewCell.swift */,
				9B69C20C243B468A0082F48E /* AnswerTableViewCell.xib */,
				9B69C213243DBD560082F48E /* postalCode.swift */,
				9B69C211243DBA8A0082F48E /* postalCode.xib */,
				9B69C217243DC74F0082F48E /* SelectAddress.swift */,
				9B69C215243DC6C30082F48E /* SelectAddress.xib */,
			);
			path = QuestionViews;
			sourceTree = "<group>";
		};
		9B69C1FE243B35F30082F48E /* UtilityFiles */ = {
			isa = PBXGroup;
			children = (
				9B69C1FF243B36290082F48E /* XibView.swift */,
			);
			path = UtilityFiles;
			sourceTree = "<group>";
		};
/* End PBXGroup section */

/* Begin PBXNativeTarget section */
		9B69C1E3243B21420082F48E /* BootsPharmacy */ = {
			isa = PBXNativeTarget;
			buildConfigurationList = 9B69C1F8243B21480082F48E /* Build configuration list for PBXNativeTarget "BootsPharmacy" */;
			buildPhases = (
				9B69C1E0243B21420082F48E /* Sources */,
				9B69C1E1243B21420082F48E /* Frameworks */,
				9B69C1E2243B21420082F48E /* Resources */,
			);
			buildRules = (
			);
			dependencies = (
			);
			name = BootsPharmacy;
			productName = BootsPharmacy;
			productReference = 9B69C1E4243B21420082F48E /* BootsPharmacy.app */;
			productType = "com.apple.product-type.application";
		};
/* End PBXNativeTarget section */

/* Begin PBXProject section */
		9B69C1DC243B21420082F48E /* Project object */ = {
			isa = PBXProject;
			attributes = {
				LastSwiftUpdateCheck = 1130;
				LastUpgradeCheck = 1130;
				ORGANIZATIONNAME = "Minahil Shafique";
				TargetAttributes = {
					9B69C1E3243B21420082F48E = {
						CreatedOnToolsVersion = 11.3.1;
					};
				};
			};
			buildConfigurationList = 9B69C1DF243B21420082F48E /* Build configuration list for PBXProject "BootsPharmacy" */;
			compatibilityVersion = "Xcode 9.3";
			developmentRegion = en;
			hasScannedForEncodings = 0;
			knownRegions = (
				en,
				Base,
			);
			mainGroup = 9B69C1DB243B21420082F48E;
			productRefGroup = 9B69C1E5243B21420082F48E /* Products */;
			projectDirPath = "";
			projectRoot = "";
			targets = (
				9B69C1E3243B21420082F48E /* BootsPharmacy */,
			);
		};
/* End PBXProject section */

/* Begin PBXResourcesBuildPhase section */
		9B69C1E2243B21420082F48E /* Resources */ = {
			isa = PBXResourcesBuildPhase;
			buildActionMask = 2147483647;
			files = (
				9B69C216243DC6C30082F48E /* SelectAddress.xib in Resources */,
				9B69C1FD243B322A0082F48E /* TwoSelectionView.xib in Resources */,
				9B69C1F4243B21480082F48E /* LaunchScreen.storyboard in Resources */,
				9B69C20A243B43DE0082F48E /* QuestionTableViewCell.xib in Resources */,
				9B69C212243DBA8B0082F48E /* postalCode.xib in Resources */,
				9B69C20E243B468A0082F48E /* AnswerTableViewCell.xib in Resources */,
				9B69C1F1243B21480082F48E /* Assets.xcassets in Resources */,
				9B69C1EF243B21420082F48E /* Main.storyboard in Resources */,
			);
			runOnlyForDeploymentPostprocessing = 0;
		};
/* End PBXResourcesBuildPhase section */

/* Begin PBXSourcesBuildPhase section */
		9B69C1E0243B21420082F48E /* Sources */ = {
			isa = PBXSourcesBuildPhase;
			buildActionMask = 2147483647;
			files = (
				9B69C202243B36B00082F48E /* TwoSelectionView.swift in Sources */,
				9B69C1EC243B21420082F48E /* MainViewController.swift in Sources */,
				9B25AC07244361B600E6A174 /* WelcomeViewController.swift in Sources */,
				9B69C218243DC74F0082F48E /* SelectAddress.swift in Sources */,
				9B69C214243DBD560082F48E /* postalCode.swift in Sources */,
				9B69C20D243B468A0082F48E /* AnswerTableViewCell.swift in Sources */,
				9B69C210243C64150082F48E /* MainPresenter.swift in Sources */,
				9B69C1E8243B21420082F48E /* AppDelegate.swift in Sources */,
				9B69C200243B36290082F48E /* XibView.swift in Sources */,
				9B69C1EA243B21420082F48E /* SceneDelegate.swift in Sources */,
				9B69C209243B43DE0082F48E /* QuestionTableViewCell.swift in Sources */,
			);
			runOnlyForDeploymentPostprocessing = 0;
		};
/* End PBXSourcesBuildPhase section */

/* Begin PBXVariantGroup section */
		9B69C1ED243B21420082F48E /* Main.storyboard */ = {
			isa = PBXVariantGroup;
			children = (
				9B69C1EE243B21420082F48E /* Base */,
			);
			name = Main.storyboard;
			sourceTree = "<group>";
		};
		9B69C1F2243B21480082F48E /* LaunchScreen.storyboard */ = {
			isa = PBXVariantGroup;
			children = (
				9B69C1F3243B21480082F48E /* Base */,
			);
			name = LaunchScreen.storyboard;
			sourceTree = "<group>";
		};
/* End PBXVariantGroup section */

/* Begin XCBuildConfiguration section */
		9B69C1F6243B21480082F48E /* Debug */ = {
			isa = XCBuildConfiguration;
			buildSettings = {
				ALWAYS_SEARCH_USER_PATHS = NO;
				CLANG_ANALYZER_NONNULL = YES;
				CLANG_ANALYZER_NUMBER_OBJECT_CONVERSION = YES_AGGRESSIVE;
				CLANG_CXX_LANGUAGE_STANDARD = "gnu++14";
				CLANG_CXX_LIBRARY = "libc++";
				CLANG_ENABLE_MODULES = YES;
				CLANG_ENABLE_OBJC_ARC = YES;
				CLANG_ENABLE_OBJC_WEAK = YES;
				CLANG_WARN_BLOCK_CAPTURE_AUTORELEASING = YES;
				CLANG_WARN_BOOL_CONVERSION = YES;
				CLANG_WARN_COMMA = YES;
				CLANG_WARN_CONSTANT_CONVERSION = YES;
				CLANG_WARN_DEPRECATED_OBJC_IMPLEMENTATIONS = YES;
				CLANG_WARN_DIRECT_OBJC_ISA_USAGE = YES_ERROR;
				CLANG_WARN_DOCUMENTATION_COMMENTS = YES;
				CLANG_WARN_EMPTY_BODY = YES;
				CLANG_WARN_ENUM_CONVERSION = YES;
				CLANG_WARN_INFINITE_RECURSION = YES;
				CLANG_WARN_INT_CONVERSION = YES;
				CLANG_WARN_NON_LITERAL_NULL_CONVERSION = YES;
				CLANG_WARN_OBJC_IMPLICIT_RETAIN_SELF = YES;
				CLANG_WARN_OBJC_LITERAL_CONVERSION = YES;
				CLANG_WARN_OBJC_ROOT_CLASS = YES_ERROR;
				CLANG_WARN_RANGE_LOOP_ANALYSIS = YES;
				CLANG_WARN_STRICT_PROTOTYPES = YES;
				CLANG_WARN_SUSPICIOUS_MOVE = YES;
				CLANG_WARN_UNGUARDED_AVAILABILITY = YES_AGGRESSIVE;
				CLANG_WARN_UNREACHABLE_CODE = YES;
				CLANG_WARN__DUPLICATE_METHOD_MATCH = YES;
				COPY_PHASE_STRIP = NO;
				DEBUG_INFORMATION_FORMAT = dwarf;
				ENABLE_STRICT_OBJC_MSGSEND = YES;
				ENABLE_TESTABILITY = YES;
				GCC_C_LANGUAGE_STANDARD = gnu11;
				GCC_DYNAMIC_NO_PIC = NO;
				GCC_NO_COMMON_BLOCKS = YES;
				GCC_OPTIMIZATION_LEVEL = 0;
				GCC_PREPROCESSOR_DEFINITIONS = (
					"DEBUG=1",
					"$(inherited)",
				);
				GCC_WARN_64_TO_32_BIT_CONVERSION = YES;
				GCC_WARN_ABOUT_RETURN_TYPE = YES_ERROR;
				GCC_WARN_UNDECLARED_SELECTOR = YES;
				GCC_WARN_UNINITIALIZED_AUTOS = YES_AGGRESSIVE;
				GCC_WARN_UNUSED_FUNCTION = YES;
				GCC_WARN_UNUSED_VARIABLE = YES;
				IPHONEOS_DEPLOYMENT_TARGET = 13.2;
				MTL_ENABLE_DEBUG_INFO = INCLUDE_SOURCE;
				MTL_FAST_MATH = YES;
				ONLY_ACTIVE_ARCH = YES;
				SDKROOT = iphoneos;
				SWIFT_ACTIVE_COMPILATION_CONDITIONS = DEBUG;
				SWIFT_OPTIMIZATION_LEVEL = "-Onone";
			};
			name = Debug;
		};
		9B69C1F7243B21480082F48E /* Release */ = {
			isa = XCBuildConfiguration;
			buildSettings = {
				ALWAYS_SEARCH_USER_PATHS = NO;
				CLANG_ANALYZER_NONNULL = YES;
				CLANG_ANALYZER_NUMBER_OBJECT_CONVERSION = YES_AGGRESSIVE;
				CLANG_CXX_LANGUAGE_STANDARD = "gnu++14";
				CLANG_CXX_LIBRARY = "libc++";
				CLANG_ENABLE_MODULES = YES;
				CLANG_ENABLE_OBJC_ARC = YES;
				CLANG_ENABLE_OBJC_WEAK = YES;
				CLANG_WARN_BLOCK_CAPTURE_AUTORELEASING = YES;
				CLANG_WARN_BOOL_CONVERSION = YES;
				CLANG_WARN_COMMA = YES;
				CLANG_WARN_CONSTANT_CONVERSION = YES;
				CLANG_WARN_DEPRECATED_OBJC_IMPLEMENTATIONS = YES;
				CLANG_WARN_DIRECT_OBJC_ISA_USAGE = YES_ERROR;
				CLANG_WARN_DOCUMENTATION_COMMENTS = YES;
				CLANG_WARN_EMPTY_BODY = YES;
				CLANG_WARN_ENUM_CONVERSION = YES;
				CLANG_WARN_INFINITE_RECURSION = YES;
				CLANG_WARN_INT_CONVERSION = YES;
				CLANG_WARN_NON_LITERAL_NULL_CONVERSION = YES;
				CLANG_WARN_OBJC_IMPLICIT_RETAIN_SELF = YES;
				CLANG_WARN_OBJC_LITERAL_CONVERSION = YES;
				CLANG_WARN_OBJC_ROOT_CLASS = YES_ERROR;
				CLANG_WARN_RANGE_LOOP_ANALYSIS = YES;
				CLANG_WARN_STRICT_PROTOTYPES = YES;
				CLANG_WARN_SUSPICIOUS_MOVE = YES;
				CLANG_WARN_UNGUARDED_AVAILABILITY = YES_AGGRESSIVE;
				CLANG_WARN_UNREACHABLE_CODE = YES;
				CLANG_WARN__DUPLICATE_METHOD_MATCH = YES;
				COPY_PHASE_STRIP = NO;
				DEBUG_INFORMATION_FORMAT = "dwarf-with-dsym";
				ENABLE_NS_ASSERTIONS = NO;
				ENABLE_STRICT_OBJC_MSGSEND = YES;
				GCC_C_LANGUAGE_STANDARD = gnu11;
				GCC_NO_COMMON_BLOCKS = YES;
				GCC_WARN_64_TO_32_BIT_CONVERSION = YES;
				GCC_WARN_ABOUT_RETURN_TYPE = YES_ERROR;
				GCC_WARN_UNDECLARED_SELECTOR = YES;
				GCC_WARN_UNINITIALIZED_AUTOS = YES_AGGRESSIVE;
				GCC_WARN_UNUSED_FUNCTION = YES;
				GCC_WARN_UNUSED_VARIABLE = YES;
				IPHONEOS_DEPLOYMENT_TARGET = 13.2;
				MTL_ENABLE_DEBUG_INFO = NO;
				MTL_FAST_MATH = YES;
				SDKROOT = iphoneos;
				SWIFT_COMPILATION_MODE = wholemodule;
				SWIFT_OPTIMIZATION_LEVEL = "-O";
				VALIDATE_PRODUCT = YES;
			};
			name = Release;
		};
		9B69C1F9243B21480082F48E /* Debug */ = {
			isa = XCBuildConfiguration;
			buildSettings = {
				ASSETCATALOG_COMPILER_APPICON_NAME = AppIcon;
				CODE_SIGN_STYLE = Automatic;
				INFOPLIST_FILE = BootsPharmacy/Info.plist;
				LD_RUNPATH_SEARCH_PATHS = (
					"$(inherited)",
					"@executable_path/Frameworks",
				);
				PRODUCT_BUNDLE_IDENTIFIER = com.mini.BootsPharmacy;
				PRODUCT_NAME = "$(TARGET_NAME)";
				SWIFT_VERSION = 5.0;
				TARGETED_DEVICE_FAMILY = "1,2";
			};
			name = Debug;
		};
		9B69C1FA243B21480082F48E /* Release */ = {
			isa = XCBuildConfiguration;
			buildSettings = {
				ASSETCATALOG_COMPILER_APPICON_NAME = AppIcon;
				CODE_SIGN_STYLE = Automatic;
				INFOPLIST_FILE = BootsPharmacy/Info.plist;
				LD_RUNPATH_SEARCH_PATHS = (
					"$(inherited)",
					"@executable_path/Frameworks",
				);
				PRODUCT_BUNDLE_IDENTIFIER = com.mini.BootsPharmacy;
				PRODUCT_NAME = "$(TARGET_NAME)";
				SWIFT_VERSION = 5.0;
				TARGETED_DEVICE_FAMILY = "1,2";
			};
			name = Release;
		};
/* End XCBuildConfiguration section */

/* Begin XCConfigurationList section */
		9B69C1DF243B21420082F48E /* Build configuration list for PBXProject "BootsPharmacy" */ = {
			isa = XCConfigurationList;
			buildConfigurations = (
				9B69C1F6243B21480082F48E /* Debug */,
				9B69C1F7243B21480082F48E /* Release */,
			);
			defaultConfigurationIsVisible = 0;
			defaultConfigurationName = Release;
		};
		9B69C1F8243B21480082F48E /* Build configuration list for PBXNativeTarget "BootsPharmacy" */ = {
			isa = XCConfigurationList;
			buildConfigurations = (
				9B69C1F9243B21480082F48E /* Debug */,
				9B69C1FA243B21480082F48E /* Release */,
			);
			defaultConfigurationIsVisible = 0;
			defaultConfigurationName = Release;
		};
/* End XCConfigurationList section */
	};
	rootObject = 9B69C1DC243B21420082F48E /* Project object */;
}
